Microsoft Visual Studio Solution File, Format Version 12.00
# Visual Studio Version 17
VisualStudioVersion = 17.5.2.0
MinimumVisualStudioVersion = 10.0.40219.1
Project("{FAE04EC0-301F-11D3-BF4B-00C04F79EFBC}") = "OscarFilmeApi", "OscarFilmeApi.csproj", "{E1DEB3CA-59EB-7C97-3606-6A1CA510A48A}"
EndProject
Global
	GlobalSection(SolutionConfigurationPlatforms) = preSolution
		Debug|Any CPU = Debug|Any CPU
		Release|Any CPU = Release|Any CPU
	EndGlobalSection
	GlobalSection(ProjectConfigurationPlatforms) = postSolution
		{E1DEB3CA-59EB-7C97-3606-6A1CA510A48A}.Debug|Any CPU.ActiveCfg = Debug|Any CPU
		{E1DEB3CA-59EB-7C97-3606-6A1CA510A48A}.Debug|Any CPU.Build.0 = Debug|Any CPU
		{E1DEB3CA-59EB-7C97-3606-6A1CA510A48A}.Release|Any CPU.ActiveCfg = Release|Any CPU
		{E1DEB3CA-59EB-7C97-3606-6A1CA510A48A}.Release|Any CPU.Build.0 = Release|Any CPU
	EndGlobalSection
	GlobalSection(SolutionProperties) = preSolution
		HideSolutionNode = FALSE
	EndGlobalSection
	GlobalSection(ExtensibilityGlobals) = postSolution
		SolutionGuid = {3D7CE952-F9F2-4234-9532-5BB33A4030B2}
	EndGlobalSection
EndGlobal
